PODS:
  - Flutter (1.0.0)
  - integration_test (0.0.1):
    - Flutter
  - Passage (1.1.8):
    - SwiftKeychainWrapper
  - passage_flutter (0.1.0):
    - Flutter
    - Passage (= 1.1.8)
  - SwiftKeychainWrapper (4.0.1)

DEPENDENCIES:
  - Flutter (from `Flutter`)
  - integration_test (from `.symlinks/plugins/integration_test/ios`)
  - passage_flutter (from `.symlinks/plugins/passage_flutter/ios`)

SPEC REPOS:
  trunk:
    - Passage
    - SwiftKeychainWrapper

EXTERNAL SOURCES:
  Flutter:
    :path: Flutter
  integration_test:
    :path: ".symlinks/plugins/integration_test/ios"
  passage_flutter:
    :path: ".symlinks/plugins/passage_flutter/ios"

SPEC CHECKSUMS:
  Flutter: f04841e97a9d0b0a8025694d0796dd46242b2854
  integration_test: 13825b8a9334a850581300559b8839134b124670
  Passage: d296ba105b84a0f22fb91e57007b17a7a324abe9
  passage_flutter: 48d8c932081e75a5abcede83dd24e26ea1be0c0d
  SwiftKeychainWrapper: 807ba1d63c33a7d0613288512399cd1eda1e470c

PODFILE CHECKSUM: 314f7f8f1159828e753d31fa556112df835d9b53

COCOAPODS: 1.12.1
