PODS:
  - Flutter (1.0.0)
  - integration_test (0.0.1):
    - Flutter
  - Passage (1.6.0):
    - SwiftKeychainWrapper
  - passage_flutter (0.7.3):
    - Flutter
    - Passage (= 1.6.0)
  - SwiftKeychainWrapper (4.0.1)

DEPENDENCIES:
  - Flutter (from `Flutter`)
  - integration_test (from `.symlinks/plugins/integration_test/ios`)
  - passage_flutter (from `.symlinks/plugins/passage_flutter/ios`)

SPEC REPOS:
  trunk:
    - Passage
    - SwiftKeychainWrapper

EXTERNAL SOURCES:
  Flutter:
    :path: Flutter
  integration_test:
    :path: ".symlinks/plugins/integration_test/ios"
  passage_flutter:
    :path: ".symlinks/plugins/passage_flutter/ios"

SPEC CHECKSUMS:
  Flutter: e0871f40cf51350855a761d2e70bf5af5b9b5de7
  integration_test: ce0a3ffa1de96d1a89ca0ac26fca7ea18a749ef4
  Passage: 347004a76cb6677646c1f46ea48766cab5e9eb8a
  passage_flutter: 484b9c4b625e0d17c6907cf4e9e57a1d5a1df50d
  SwiftKeychainWrapper: 807ba1d63c33a7d0613288512399cd1eda1e470c

PODFILE CHECKSUM: 6a26cacf19c7fcde87d9c59e8f24986138e82f3b

COCOAPODS: 1.15.2
