PODS:
  - AnyCodable-FlightSchool (0.6.1)
  - Flutter (1.0.0)
  - integration_test (0.0.1):
    - Flutter
  - passage_flutter (0.8.2):
    - Flutter
    - PassageSwift (= 1.0.0)
  - PassageSwift (1.0.0):
    - AnyCodable-FlightSchool (= 0.6.1)

DEPENDENCIES:
  - Flutter (from `Flutter`)
  - integration_test (from `.symlinks/plugins/integration_test/ios`)
  - passage_flutter (from `.symlinks/plugins/passage_flutter/ios`)

SPEC REPOS:
  trunk:
    - AnyCodable-FlightSchool
    - PassageSwift

EXTERNAL SOURCES:
  Flutter:
    :path: Flutter
  integration_test:
    :path: ".symlinks/plugins/integration_test/ios"
  passage_flutter:
    :path: ".symlinks/plugins/passage_flutter/ios"

SPEC CHECKSUMS:
  AnyCodable-FlightSchool: 9d48ed579c898378e189bb0a89faebf9eb8a46a7
  Flutter: e0871f40cf51350855a761d2e70bf5af5b9b5de7
  integration_test: 252f60fa39af5e17c3aa9899d35d908a0721b573
  passage_flutter: c6cab8ef7a071978f6f4716bd2661199a80732d9
  PassageSwift: c92cba57d6d3c41e531e1e73207899a674112d93

PODFILE CHECKSUM: 6a26cacf19c7fcde87d9c59e8f24986138e82f3b

COCOAPODS: 1.15.2
